
Microsoft Visual Studio Solution File, Format Version 12.00
# Visual Studio Version 16
VisualStudioVersion = 16.0.30320.27
MinimumVisualStudioVersion = 10.0.40219.1
Project("{FAE04EC0-301F-11D3-BF4B-00C04F79EFBC}") = "HW_5_AndreyKurilo", "HW_5_AndreyKurilo.csproj", "{5BC15220-F5B3-457B-B211-39CCC7459C02}"
EndProject
Global
	GlobalSection(SolutionConfigurationPlatforms) = preSolution
		Debug|Any CPU = Debug|Any CPU
		Release|Any CPU = Release|Any CPU
	EndGlobalSection
	GlobalSection(ProjectConfigurationPlatforms) = postSolution
		{5BC15220-F5B3-457B-B211-39CCC7459C02}.Debug|Any CPU.ActiveCfg = Debug|Any CPU
		{5BC15220-F5B3-457B-B211-39CCC7459C02}.Debug|Any CPU.Build.0 = Debug|Any CPU
		{5BC15220-F5B3-457B-B211-39CCC7459C02}.Release|Any CPU.ActiveCfg = Release|Any CPU
		{5BC15220-F5B3-457B-B211-39CCC7459C02}.Release|Any CPU.Build.0 = Release|Any CPU
	EndGlobalSection
	GlobalSection(SolutionProperties) = preSolution
		HideSolutionNode = FALSE
	EndGlobalSection
	GlobalSection(ExtensibilityGlobals) = postSolution
		SolutionGuid = {B5F12310-B80E-494C-9E0E-7880E1B462D3}
	EndGlobalSection
EndGlobal
