
Microsoft Visual Studio Solution File, Format Version 12.00
# Visual Studio Version 16
VisualStudioVersion = 16.0.30320.27
MinimumVisualStudioVersion = 10.0.40219.1
Project("{FAE04EC0-301F-11D3-BF4B-00C04F79EFBC}") = "HW_6_AK", "HW_6_AK.csproj", "{14CEFA98-BA8B-4664-BED4-5C2CA920AC6F}"
EndProject
Global
	GlobalSection(SolutionConfigurationPlatforms) = preSolution
		Debug|Any CPU = Debug|Any CPU
		Release|Any CPU = Release|Any CPU
	EndGlobalSection
	GlobalSection(ProjectConfigurationPlatforms) = postSolution
		{14CEFA98-BA8B-4664-BED4-5C2CA920AC6F}.Debug|Any CPU.ActiveCfg = Debug|Any CPU
		{14CEFA98-BA8B-4664-BED4-5C2CA920AC6F}.Debug|Any CPU.Build.0 = Debug|Any CPU
		{14CEFA98-BA8B-4664-BED4-5C2CA920AC6F}.Release|Any CPU.ActiveCfg = Release|Any CPU
		{14CEFA98-BA8B-4664-BED4-5C2CA920AC6F}.Release|Any CPU.Build.0 = Release|Any CPU
	EndGlobalSection
	GlobalSection(SolutionProperties) = preSolution
		HideSolutionNode = FALSE
	EndGlobalSection
	GlobalSection(ExtensibilityGlobals) = postSolution
		SolutionGuid = {4EF13BD0-B704-47CA-94AF-862BE195241A}
	EndGlobalSection
EndGlobal
